Microsoft Visual Studio Solution File, Format Version 8.00
Project("{8BC9CEB8-8B4A-11D0-8D11-00A0C91BC942}") = "Ray", "Ray.vcproj", "{E6A36328-13DA-4D61-A6A5-0D84C0D4DBCD}"
	ProjectSection(ProjectDependencies) = postProject
	EndProjectSection
EndProject
Global
	GlobalSection(SolutionConfiguration) = preSolution
		Debug = Debug
	EndGlobalSection
	GlobalSection(ProjectConfiguration) = postSolution
		{E6A36328-13DA-4D61-A6A5-0D84C0D4DBCD}.Debug.ActiveCfg = Debug|Win32
		{E6A36328-13DA-4D61-A6A5-0D84C0D4DBCD}.Debug.Build.0 = Debug|Win32
	EndGlobalSection
	GlobalSection(ExtensibilityGlobals) = postSolution
	EndGlobalSection
	GlobalSection(ExtensibilityAddIns) = postSolution
	EndGlobalSection
EndGlobal
